
Microsoft Visual Studio Solution File, Format Version 12.00
# Visual Studio Version 17
VisualStudioVersion = 17.5.002.0
MinimumVisualStudioVersion = 10.0.40219.1
Project("{9A19103F-16F7-4668-BE54-9A1E7A4F7556}") = "Aula-07", "Aula-07.csproj", "{B50F7703-1BCD-4881-943D-9B7A62AAD608}"
EndProject
Global
	GlobalSection(SolutionConfigurationPlatforms) = preSolution
		Debug|Any CPU = Debug|Any CPU
		Release|Any CPU = Release|Any CPU
	EndGlobalSection
	GlobalSection(ProjectConfigurationPlatforms) = postSolution
		{B50F7703-1BCD-4881-943D-9B7A62AAD608}.Debug|Any CPU.ActiveCfg = Debug|Any CPU
		{B50F7703-1BCD-4881-943D-9B7A62AAD608}.Debug|Any CPU.Build.0 = Debug|Any CPU
		{B50F7703-1BCD-4881-943D-9B7A62AAD608}.Release|Any CPU.ActiveCfg = Release|Any CPU
		{B50F7703-1BCD-4881-943D-9B7A62AAD608}.Release|Any CPU.Build.0 = Release|Any CPU
	EndGlobalSection
	GlobalSection(SolutionProperties) = preSolution
		HideSolutionNode = FALSE
	EndGlobalSection
	GlobalSection(ExtensibilityGlobals) = postSolution
		SolutionGuid = {4AA190AD-B036-4B1A-AC88-F5C30C6BFDF3}
	EndGlobalSection
EndGlobal
